
Microsoft Visual Studio Solution File, Format Version 12.00
# Visual Studio Version 17
VisualStudioVersion = 17.7.34024.191
MinimumVisualStudioVersion = 10.0.40219.1
Project("{2150E333-8FDC-42A3-9474-1A3956D46DE8}") = "core", "core", "{C42E8E6C-BF4A-4AE9-A63A-E49FACC85ECA}"
EndProject
Project("{9A19103F-16F7-4668-BE54-9A1E7A4F7556}") = "Application.Repositories", "Application.Repositories\Application.Repositories.csproj", "{91D87B98-ED74-412A-A2B5-952847A38019}"
EndProject
Project("{9A19103F-16F7-4668-BE54-9A1E7A4F7556}") = "Infraestructure.Repositories.Sql", "Infraestructure.Repositories.Sql\Infraestructure.Repositories.Sql.csproj", "{A55616EF-6174-4E20-AFB2-A3EDFF1764E7}"
EndProject
Project("{2150E333-8FDC-42A3-9474-1A3956D46DE8}") = "Aplications", "Aplications", "{5845E759-D294-4F5E-BB00-7304E08EF79D}"
EndProject
Project("{2150E333-8FDC-42A3-9474-1A3956D46DE8}") = "CMD", "CMD", "{B6393EA5-CCEF-42CA-9F4B-444715959521}"
EndProject
Project("{FAE04EC0-301F-11D3-BF4B-00C04F79EFBC}") = "MyProyecto.CMD", "MyProyecto.CMD\MyProyecto.CMD.csproj", "{E4651EA3-1BB8-4778-9D45-204C49160A54}"
EndProject
Global
	GlobalSection(SolutionConfigurationPlatforms) = preSolution
		Debug|Any CPU = Debug|Any CPU
		Release|Any CPU = Release|Any CPU
	EndGlobalSection
	GlobalSection(ProjectConfigurationPlatforms) = postSolution
		{91D87B98-ED74-412A-A2B5-952847A38019}.Debug|Any CPU.ActiveCfg = Debug|Any CPU
		{91D87B98-ED74-412A-A2B5-952847A38019}.Debug|Any CPU.Build.0 = Debug|Any CPU
		{91D87B98-ED74-412A-A2B5-952847A38019}.Release|Any CPU.ActiveCfg = Release|Any CPU
		{91D87B98-ED74-412A-A2B5-952847A38019}.Release|Any CPU.Build.0 = Release|Any CPU
		{A55616EF-6174-4E20-AFB2-A3EDFF1764E7}.Debug|Any CPU.ActiveCfg = Debug|Any CPU
		{A55616EF-6174-4E20-AFB2-A3EDFF1764E7}.Debug|Any CPU.Build.0 = Debug|Any CPU
		{A55616EF-6174-4E20-AFB2-A3EDFF1764E7}.Release|Any CPU.ActiveCfg = Release|Any CPU
		{A55616EF-6174-4E20-AFB2-A3EDFF1764E7}.Release|Any CPU.Build.0 = Release|Any CPU
		{E4651EA3-1BB8-4778-9D45-204C49160A54}.Debug|Any CPU.ActiveCfg = Debug|Any CPU
		{E4651EA3-1BB8-4778-9D45-204C49160A54}.Debug|Any CPU.Build.0 = Debug|Any CPU
		{E4651EA3-1BB8-4778-9D45-204C49160A54}.Release|Any CPU.ActiveCfg = Release|Any CPU
		{E4651EA3-1BB8-4778-9D45-204C49160A54}.Release|Any CPU.Build.0 = Release|Any CPU
	EndGlobalSection
	GlobalSection(SolutionProperties) = preSolution
		HideSolutionNode = FALSE
	EndGlobalSection
	GlobalSection(NestedProjects) = preSolution
		{91D87B98-ED74-412A-A2B5-952847A38019} = {C42E8E6C-BF4A-4AE9-A63A-E49FACC85ECA}
		{A55616EF-6174-4E20-AFB2-A3EDFF1764E7} = {C42E8E6C-BF4A-4AE9-A63A-E49FACC85ECA}
		{B6393EA5-CCEF-42CA-9F4B-444715959521} = {5845E759-D294-4F5E-BB00-7304E08EF79D}
		{E4651EA3-1BB8-4778-9D45-204C49160A54} = {B6393EA5-CCEF-42CA-9F4B-444715959521}
	EndGlobalSection
	GlobalSection(ExtensibilityGlobals) = postSolution
		SolutionGuid = {55D91372-D431-4DDE-A8F6-CDEEA5281748}
	EndGlobalSection
EndGlobal
